{
    "name": "trainer",
    "lockfileVersion": 2,
    "requires": true,
    "packages": {
        "": {
            "license": "UNLICENSED",
            "devDependencies": {
                "core-js": "^3.0.0",
                "regenerator-runtime": "^0.13.2"
            }
        },
        "node_modules/core-js": {
            "version": "3.6.5",
            "resolved": "https://registry.npmjs.org/core-js/-/core-js-3.6.5.tgz",
            "integrity": "sha512-vZVEEwZoIsI+vPEuoF9Iqf5H7/M3eeQqWlQnYa8FSKKePuYTf5MWnxb5SDAzCa60b3JBRS5g9b+Dq7b1y/RCrA==",
            "dev": true
        },
        "node_modules/regenerator-runtime": {
            "version": "0.13.7",
            "resolved": "https://registry.npmjs.org/regenerator-runtime/-/regenerator-runtime-0.13.7.tgz",
            "integrity": "sha512-a54FxoJDIr27pgf7IgeQGxmqUNYrcV338lf/6gH456HZ/PhX+5BcwHXG9ajESmwe6WRO0tAzRUrRmNONWgkrew==",
            "dev": true
        }
    },
    "dependencies": {
        "core-js": {
            "version": "3.6.5",
            "resolved": "https://registry.npmjs.org/core-js/-/core-js-3.6.5.tgz",
            "integrity": "sha512-vZVEEwZoIsI+vPEuoF9Iqf5H7/M3eeQqWlQnYa8FSKKePuYTf5MWnxb5SDAzCa60b3JBRS5g9b+Dq7b1y/RCrA==",
            "dev": true
        },
        "regenerator-runtime": {
            "version": "0.13.7",
            "resolved": "https://registry.npmjs.org/regenerator-runtime/-/regenerator-runtime-0.13.7.tgz",
            "integrity": "sha512-a54FxoJDIr27pgf7IgeQGxmqUNYrcV338lf/6gH456HZ/PhX+5BcwHXG9ajESmwe6WRO0tAzRUrRmNONWgkrew==",
            "dev": true
        }
    }
}
